
Microsoft Visual Studio Solution File, Format Version 12.00
# Visual Studio Version 16
VisualStudioVersion = 16.0.29613.14
MinimumVisualStudioVersion = 10.0.40219.1
Project("{FAE04EC0-301F-11D3-BF4B-00C04F79EFBC}") = "After-Test", "After-Test.csproj", "{BF57A630-9982-4765-874C-7043AA546DA2}"
EndProject
Project("{FAE04EC0-301F-11D3-BF4B-00C04F79EFBC}") = "After.Generic", "libraries\After.Generic\After.Generic.csproj", "{9822D16E-0E19-44E5-9E72-3E6010F7E332}"
EndProject
Project("{FAE04EC0-301F-11D3-BF4B-00C04F79EFBC}") = "After.Model", "libraries\After.Model\After.Model.csproj", "{C1974C28-E088-427E-AE9F-342F52846680}"
EndProject
Project("{FAE04EC0-301F-11D3-BF4B-00C04F79EFBC}") = "DBUtility", "libraries\DBUtility\DBUtility.csproj", "{820BAD20-C48B-47A3-AF43-581AF8949599}"
EndProject
Project("{FAE04EC0-301F-11D3-BF4B-00C04F79EFBC}") = "After.Manager", "libraries\After.Manager\After.Manager.csproj", "{D0ED1D0C-CEF5-487E-83AA-FDD642C2B278}"
EndProject
Global
	GlobalSection(SolutionConfigurationPlatforms) = preSolution
		Debug|Any CPU = Debug|Any CPU
		Release|Any CPU = Release|Any CPU
	EndGlobalSection
	GlobalSection(ProjectConfigurationPlatforms) = postSolution
		{BF57A630-9982-4765-874C-7043AA546DA2}.Debug|Any CPU.ActiveCfg = Debug|Any CPU
		{BF57A630-9982-4765-874C-7043AA546DA2}.Debug|Any CPU.Build.0 = Debug|Any CPU
		{BF57A630-9982-4765-874C-7043AA546DA2}.Release|Any CPU.ActiveCfg = Release|Any CPU
		{BF57A630-9982-4765-874C-7043AA546DA2}.Release|Any CPU.Build.0 = Release|Any CPU
		{9822D16E-0E19-44E5-9E72-3E6010F7E332}.Debug|Any CPU.ActiveCfg = Debug|Any CPU
		{9822D16E-0E19-44E5-9E72-3E6010F7E332}.Debug|Any CPU.Build.0 = Debug|Any CPU
		{9822D16E-0E19-44E5-9E72-3E6010F7E332}.Release|Any CPU.ActiveCfg = Release|Any CPU
		{9822D16E-0E19-44E5-9E72-3E6010F7E332}.Release|Any CPU.Build.0 = Release|Any CPU
		{C1974C28-E088-427E-AE9F-342F52846680}.Debug|Any CPU.ActiveCfg = Debug|Any CPU
		{C1974C28-E088-427E-AE9F-342F52846680}.Debug|Any CPU.Build.0 = Debug|Any CPU
		{C1974C28-E088-427E-AE9F-342F52846680}.Release|Any CPU.ActiveCfg = Release|Any CPU
		{C1974C28-E088-427E-AE9F-342F52846680}.Release|Any CPU.Build.0 = Release|Any CPU
		{820BAD20-C48B-47A3-AF43-581AF8949599}.Debug|Any CPU.ActiveCfg = Debug|Any CPU
		{820BAD20-C48B-47A3-AF43-581AF8949599}.Debug|Any CPU.Build.0 = Debug|Any CPU
		{820BAD20-C48B-47A3-AF43-581AF8949599}.Release|Any CPU.ActiveCfg = Release|Any CPU
		{820BAD20-C48B-47A3-AF43-581AF8949599}.Release|Any CPU.Build.0 = Release|Any CPU
		{D0ED1D0C-CEF5-487E-83AA-FDD642C2B278}.Debug|Any CPU.ActiveCfg = Debug|Any CPU
		{D0ED1D0C-CEF5-487E-83AA-FDD642C2B278}.Debug|Any CPU.Build.0 = Debug|Any CPU
		{D0ED1D0C-CEF5-487E-83AA-FDD642C2B278}.Release|Any CPU.ActiveCfg = Release|Any CPU
		{D0ED1D0C-CEF5-487E-83AA-FDD642C2B278}.Release|Any CPU.Build.0 = Release|Any CPU
	EndGlobalSection
	GlobalSection(SolutionProperties) = preSolution
		HideSolutionNode = FALSE
	EndGlobalSection
	GlobalSection(ExtensibilityGlobals) = postSolution
		SolutionGuid = {6807AE60-908B-4BB9-AACB-07D6535E80E6}
	EndGlobalSection
EndGlobal
